{
  "name": "oma-fake-oauth-mcp",
  "version": "0.0.0",
  "lockfileVersion": 3,
  "requires": true,
  "packages": {
    "": {
      "name": "oma-fake-oauth-mcp",
      "version": "0.0.0",
      "dependencies": {
        "hono": "^4.6.16"
      }
    },
    "node_modules/hono": {
      "version": "4.12.16",
      "resolved": "https://registry.npmjs.org/hono/-/hono-4.12.16.tgz",
      "integrity": "sha512-jN0ZewiNAWSe5khM3EyCmBb250+b40wWbwNILNfEvq84VREWwOIkuUsFONk/3i3nqkz7Oe1PcpM2mwQEK2L9Kg==",
      "license": "MIT",
      "engines": {
        "node": ">=16.9.0"
      }
    }
  }
}
