{
  "name": "oma-auth-sidecar",
  "lockfileVersion": 3,
  "requires": true,
  "packages": {
    "": {
      "name": "oma-auth-sidecar",
      "dependencies": {
        "better-auth": "^1.6.3",
        "mysql2": "^3.11.0"
      }
    },
    "node_modules/@better-auth/core": {
      "version": "1.6.23",
      "resolved": "https://registry.npmmirror.com/@better-auth/core/-/core-1.6.23.tgz",
      "integrity": "sha512-beEhOs0uVeOxYOZKUfIEBd/nQV2Bd4/6wyLxZ0OFkn6CMTK2Vi+hXuZLnyPBeB6RdHpebEoJWiHqwHxBIxgPDQ==",
      "license": "MIT",
      "dependencies": {
        "@opentelemetry/semantic-conventions": "^1.39.0",
        "@standard-schema/spec": "^1.1.0",
        "zod": "^4.3.6"
      },
      "peerDependencies": {
        "@better-auth/utils": "0.4.2",
        "@better-fetch/fetch": "1.3.1",
        "@cloudflare/workers-types": ">=4",
        "@opentelemetry/api": "^1.9.0",
        "better-call": "1.3.7",
        "jose": "^6.1.0",
        "kysely": "^0.28.5 || ^0.29.0",
        "nanostores": "^1.0.1"
      },
      "peerDependenciesMeta": {
        "@cloudflare/workers-types": {
          "optional": true
        },
        "@opentelemetry/api": {
          "optional": true
        }
      }
    },
    "node_modules/@better-auth/drizzle-adapter": {
      "version": "1.6.23",
      "resolved": "https://registry.npmmirror.com/@better-auth/drizzle-adapter/-/drizzle-adapter-1.6.23.tgz",
      "integrity": "sha512-2+/PTVfIP9E7iz6af8TB3lhnowHUj9ljC66kECmHaFEdUqPgzHoWux9epotKwO7XDg2ui4ttWQ8CMeNFLvQeKQ==",
      "license": "MIT",
      "peerDependencies": {
        "@better-auth/core": "^1.6.23",
        "@better-auth/utils": "0.4.2",
        "drizzle-orm": "^0.45.2"
      },
      "peerDependenciesMeta": {
        "drizzle-orm": {
          "optional": true
        }
      }
    },
    "node_modules/@better-auth/kysely-adapter": {
      "version": "1.6.23",
      "resolved": "https://registry.npmmirror.com/@better-auth/kysely-adapter/-/kysely-adapter-1.6.23.tgz",
      "integrity": "sha512-zbNJsMbG09exfkGyvFqBLLqWoMPAUWjxCuUnEK5AsjbYoZeIjj/QGZgdf4CapVWryKxjA9Q6Jlr6fbiPpC3VAg==",
      "license": "MIT",
      "peerDependencies": {
        "@better-auth/core": "^1.6.23",
        "@better-auth/utils": "0.4.2",
        "kysely": "^0.28.17 || ^0.29.0"
      },
      "peerDependenciesMeta": {
        "kysely": {
          "optional": true
        }
      }
    },
    "node_modules/@better-auth/memory-adapter": {
      "version": "1.6.23",
      "resolved": "https://registry.npmmirror.com/@better-auth/memory-adapter/-/memory-adapter-1.6.23.tgz",
      "integrity": "sha512-krIiR0pIVkaKlAzm690n5bcMW4NGbqeMg0HQSD9fz/KcQF/eWLqcq9gG/BhHTj2i/y96qH+W5JWPmaSOS5iTgQ==",
      "license": "MIT",
      "peerDependencies": {
        "@better-auth/core": "^1.6.23",
        "@better-auth/utils": "0.4.2"
      }
    },
    "node_modules/@better-auth/mongo-adapter": {
      "version": "1.6.23",
      "resolved": "https://registry.npmmirror.com/@better-auth/mongo-adapter/-/mongo-adapter-1.6.23.tgz",
      "integrity": "sha512-7+QdevitGlKBbP6JbiSk5SBnzPsKV/mDrQBGBn8hwByQLeJwqpqbuBPw7ZI8vzUlFfAAnyFiqwP3Eb8mxnp7pA==",
      "license": "MIT",
      "peerDependencies": {
        "@better-auth/core": "^1.6.23",
        "@better-auth/utils": "0.4.2",
        "mongodb": "^6.0.0 || ^7.0.0"
      },
      "peerDependenciesMeta": {
        "mongodb": {
          "optional": true
        }
      }
    },
    "node_modules/@better-auth/prisma-adapter": {
      "version": "1.6.23",
      "resolved": "https://registry.npmmirror.com/@better-auth/prisma-adapter/-/prisma-adapter-1.6.23.tgz",
      "integrity": "sha512-2qSdzidq4tkb1eS5TTqb4Nzg0mdZWm3Qky9SYeXeb8PpVQbC2sxqJhEM5mK7y12uU6I8hc64wO9f7AFVNL+6UQ==",
      "license": "MIT",
      "peerDependencies": {
        "@better-auth/core": "^1.6.23",
        "@better-auth/utils": "0.4.2",
        "@prisma/client": "^5.0.0 || ^6.0.0 || ^7.0.0",
        "prisma": "^5.0.0 || ^6.0.0 || ^7.0.0"
      },
      "peerDependenciesMeta": {
        "@prisma/client": {
          "optional": true
        },
        "prisma": {
          "optional": true
        }
      }
    },
    "node_modules/@better-auth/telemetry": {
      "version": "1.6.23",
      "resolved": "https://registry.npmmirror.com/@better-auth/telemetry/-/telemetry-1.6.23.tgz",
      "integrity": "sha512-/R2Kb+z2BpDOOWwVHqOk+c0VNpuwfCv4Hp5Yr9003WIZPax/zyNraGLB9CFE8qF2gZW8Dsz419k4I8CPrGzpDA==",
      "license": "MIT",
      "peerDependencies": {
        "@better-auth/core": "^1.6.23",
        "@better-auth/utils": "0.4.2",
        "@better-fetch/fetch": "1.3.1"
      }
    },
    "node_modules/@better-auth/utils": {
      "version": "0.4.2",
      "resolved": "https://registry.npmmirror.com/@better-auth/utils/-/utils-0.4.2.tgz",
      "integrity": "sha512-AUxrvu+HaaODsUyzDxFgwd/8RZ1yZaYo42LXKSrU2oGgR38pS1ij8nqQKNgtTWoYGpNevNXtCfgTy6loHveW9A==",
      "license": "MIT",
      "dependencies": {
        "@noble/hashes": "^2.0.1"
      }
    },
    "node_modules/@better-fetch/fetch": {
      "version": "1.3.1",
      "resolved": "https://registry.npmmirror.com/@better-fetch/fetch/-/fetch-1.3.1.tgz",
      "integrity": "sha512-ABkD1WhyfPZprKRQI3bhATjeiFuNWC9PXhfGWqL+sg/gKrM977oFrYkdb4msM3hgUGonr7KlOsOFT5TU2rht9g==",
      "license": "MIT"
    },
    "node_modules/@noble/ciphers": {
      "version": "2.2.0",
      "resolved": "https://registry.npmmirror.com/@noble/ciphers/-/ciphers-2.2.0.tgz",
      "integrity": "sha512-Z6pjIZ/8IJcCGzb2S/0Px5J81yij85xASuk1teLNeg75bfT07MV3a/O2Mtn1I2se43k3lkVEcFaR10N4cgQcZA==",
      "license": "MIT",
      "engines": {
        "node": ">= 20.19.0"
      },
      "funding": {
        "url": "https://paulmillr.com/funding/"
      }
    },
    "node_modules/@noble/hashes": {
      "version": "2.2.0",
      "resolved": "https://registry.npmmirror.com/@noble/hashes/-/hashes-2.2.0.tgz",
      "integrity": "sha512-IYqDGiTXab6FniAgnSdZwgWbomxpy9FtYvLKs7wCUs2a8RkITG+DFGO1DM9cr+E3/RgADRpFjrKVaJ1z6sjtEg==",
      "license": "MIT",
      "engines": {
        "node": ">= 20.19.0"
      },
      "funding": {
        "url": "https://paulmillr.com/funding/"
      }
    },
    "node_modules/@opentelemetry/semantic-conventions": {
      "version": "1.43.0",
      "resolved": "https://registry.npmmirror.com/@opentelemetry/semantic-conventions/-/semantic-conventions-1.43.0.tgz",
      "integrity": "sha512-eSYWTm620tTk45EKSedaUL8MFYI8hW164hIXsgIHyxu3VobUB3fFCu5t0hQby6OoWRPsG1KkKUG2M5UadiLiVg==",
      "license": "Apache-2.0",
      "engines": {
        "node": ">=14"
      }
    },
    "node_modules/@standard-schema/spec": {
      "version": "1.1.0",
      "resolved": "https://registry.npmmirror.com/@standard-schema/spec/-/spec-1.1.0.tgz",
      "integrity": "sha512-l2aFy5jALhniG5HgqrD6jXLi/rUWrKvqN/qJx6yoJsgKhblVd+iqqU4RCXavm/jPityDo5TCvKMnpjKnOriy0w==",
      "license": "MIT"
    },
    "node_modules/@types/node": {
      "version": "26.1.1",
      "resolved": "https://registry.npmmirror.com/@types/node/-/node-26.1.1.tgz",
      "integrity": "sha512-nxAkRSVkN1Y0JC1W8ky/fTfkGsMmcrRsbx+3XoZE+rMOX71kLYTV7fLXpqud1GpbpP5TuffXFqfX7fH2GgZREw==",
      "license": "MIT",
      "peer": true,
      "dependencies": {
        "undici-types": "~8.3.0"
      }
    },
    "node_modules/aws-ssl-profiles": {
      "version": "1.1.2",
      "resolved": "https://registry.npmmirror.com/aws-ssl-profiles/-/aws-ssl-profiles-1.1.2.tgz",
      "integrity": "sha512-NZKeq9AfyQvEeNlN0zSYAaWrmBffJh3IELMZfRpJVWgrpEbtEpnjvzqBPf+mxoI287JohRDoa+/nsfqqiZmF6g==",
      "license": "MIT",
      "engines": {
        "node": ">= 6.0.0"
      }
    },
    "node_modules/better-auth": {
      "version": "1.6.23",
      "resolved": "https://registry.npmmirror.com/better-auth/-/better-auth-1.6.23.tgz",
      "integrity": "sha512-4vOaRd9UiKGKm9R+ej0jjU1es3MiJIiNc9Qq3VCnYqOZ4/nb5272QqTxWYoDxyUXl5x6A2x2we5KZKQO9teTQQ==",
      "license": "MIT",
      "dependencies": {
        "@better-auth/core": "1.6.23",
        "@better-auth/drizzle-adapter": "1.6.23",
        "@better-auth/kysely-adapter": "1.6.23",
        "@better-auth/memory-adapter": "1.6.23",
        "@better-auth/mongo-adapter": "1.6.23",
        "@better-auth/prisma-adapter": "1.6.23",
        "@better-auth/telemetry": "1.6.23",
        "@better-auth/utils": "0.4.2",
        "@better-fetch/fetch": "1.3.1",
        "@noble/ciphers": "^2.1.1",
        "@noble/hashes": "^2.0.1",
        "better-call": "1.3.7",
        "defu": "^6.1.4",
        "jose": "^6.1.3",
        "kysely": "^0.28.17 || ^0.29.0",
        "nanostores": "^1.1.1",
        "zod": "^4.3.6"
      },
      "peerDependencies": {
        "@lynx-js/react": "*",
        "@prisma/client": "^5.0.0 || ^6.0.0 || ^7.0.0",
        "@sveltejs/kit": "^2.0.0",
        "@tanstack/react-start": "^1.0.0",
        "@tanstack/solid-start": "^1.0.0",
        "better-sqlite3": "^12.0.0",
        "drizzle-kit": ">=0.31.4",
        "drizzle-orm": "^0.45.2",
        "mongodb": "^6.0.0 || ^7.0.0",
        "mysql2": "^3.0.0",
        "next": "^14.0.0 || ^15.0.0 || ^16.0.0",
        "pg": "^8.0.0",
        "prisma": "^5.0.0 || ^6.0.0 || ^7.0.0",
        "react": "^18.0.0 || ^19.0.0",
        "react-dom": "^18.0.0 || ^19.0.0",
        "solid-js": "^1.0.0",
        "svelte": "^4.0.0 || ^5.0.0",
        "vitest": "^2.0.0 || ^3.0.0 || ^4.0.0",
        "vue": "^3.0.0"
      },
      "peerDependenciesMeta": {
        "@lynx-js/react": {
          "optional": true
        },
        "@prisma/client": {
          "optional": true
        },
        "@sveltejs/kit": {
          "optional": true
        },
        "@tanstack/react-start": {
          "optional": true
        },
        "@tanstack/solid-start": {
          "optional": true
        },
        "better-sqlite3": {
          "optional": true
        },
        "drizzle-kit": {
          "optional": true
        },
        "drizzle-orm": {
          "optional": true
        },
        "mongodb": {
          "optional": true
        },
        "mysql2": {
          "optional": true
        },
        "next": {
          "optional": true
        },
        "pg": {
          "optional": true
        },
        "prisma": {
          "optional": true
        },
        "react": {
          "optional": true
        },
        "react-dom": {
          "optional": true
        },
        "solid-js": {
          "optional": true
        },
        "svelte": {
          "optional": true
        },
        "vitest": {
          "optional": true
        },
        "vue": {
          "optional": true
        }
      }
    },
    "node_modules/better-call": {
      "version": "1.3.7",
      "resolved": "https://registry.npmmirror.com/better-call/-/better-call-1.3.7.tgz",
      "integrity": "sha512-Al51/hjp2SSp6CRTa3F2ptcx4yQVS1xWKoY6jcVXqNYOap6mHFP2jUBn5EwIL4iIed1/Sq4hlQ+Umm6EflZG+w==",
      "license": "MIT",
      "dependencies": {
        "@better-auth/utils": "^0.4.0",
        "@better-fetch/fetch": "^1.1.21",
        "rou3": "^0.7.12",
        "set-cookie-parser": "^3.0.1"
      },
      "peerDependencies": {
        "zod": "^4.0.0"
      },
      "peerDependenciesMeta": {
        "zod": {
          "optional": true
        }
      }
    },
    "node_modules/defu": {
      "version": "6.1.7",
      "resolved": "https://registry.npmmirror.com/defu/-/defu-6.1.7.tgz",
      "integrity": "sha512-7z22QmUWiQ/2d0KkdYmANbRUVABpZ9SNYyH5vx6PZ+nE5bcC0l7uFvEfHlyld/HcGBFTL536ClDt3DEcSlEJAQ==",
      "license": "MIT"
    },
    "node_modules/denque": {
      "version": "2.1.0",
      "resolved": "https://registry.npmmirror.com/denque/-/denque-2.1.0.tgz",
      "integrity": "sha512-HVQE3AAb/pxF8fQAoiqpvg9i3evqug3hoiwakOyZAwJm+6vZehbkYXZ0l4JxS+I3QxM97v5aaRNhj8v5oBhekw==",
      "license": "Apache-2.0",
      "engines": {
        "node": ">=0.10"
      }
    },
    "node_modules/generate-function": {
      "version": "2.3.1",
      "resolved": "https://registry.npmmirror.com/generate-function/-/generate-function-2.3.1.tgz",
      "integrity": "sha512-eeB5GfMNeevm/GRYq20ShmsaGcmI81kIX2K9XQx5miC8KdHaC6Jm0qQ8ZNeGOi7wYB8OsdxKs+Y2oVuTFuVwKQ==",
      "license": "MIT",
      "dependencies": {
        "is-property": "^1.0.2"
      }
    },
    "node_modules/iconv-lite": {
      "version": "0.7.3",
      "resolved": "https://registry.npmmirror.com/iconv-lite/-/iconv-lite-0.7.3.tgz",
      "integrity": "sha512-IKXpvIzjnC9XTAUbVBcMfGS0EPaIXtW6v+zr+RRp+hqULEpo0owZax6wyRwPOJbWbzjYspQwusTsfVr0ifh4uQ==",
      "license": "MIT",
      "dependencies": {
        "safer-buffer": ">= 2.1.2 < 3.0.0"
      },
      "engines": {
        "node": ">=0.10.0"
      },
      "funding": {
        "type": "opencollective",
        "url": "https://opencollective.com/express"
      }
    },
    "node_modules/is-property": {
      "version": "1.0.2",
      "resolved": "https://registry.npmmirror.com/is-property/-/is-property-1.0.2.tgz",
      "integrity": "sha512-Ks/IoX00TtClbGQr4TWXemAnktAQvYB7HzcCxDGqEZU6oCmb2INHuOoKxbtR+HFkmYWBKv/dOZtGRiAjDhj92g==",
      "license": "MIT"
    },
    "node_modules/jose": {
      "version": "6.2.3",
      "resolved": "https://registry.npmmirror.com/jose/-/jose-6.2.3.tgz",
      "integrity": "sha512-YYVDInQKFJfR/xa3ojUTl8c2KoTwiL1R5Wg9YCydwH0x0B9grbzlg5HC7mMjCtUJjbQ/YnGEZIhI5tCgfTb4Hw==",
      "license": "MIT",
      "funding": {
        "url": "https://github.com/sponsors/panva"
      }
    },
    "node_modules/kysely": {
      "version": "0.29.3",
      "resolved": "https://registry.npmmirror.com/kysely/-/kysely-0.29.3.tgz",
      "integrity": "sha512-VHtBdW6XB/pgoTSqraM3UAa2rYoYdNXqnNPpX+8XXP+cwYbVEFuAp3HyPt1vpNfU9l7Y2kpUrA9QDPsy8uUqOQ==",
      "license": "MIT",
      "engines": {
        "node": ">=22.0.0"
      }
    },
    "node_modules/long": {
      "version": "5.3.2",
      "resolved": "https://registry.npmmirror.com/long/-/long-5.3.2.tgz",
      "integrity": "sha512-mNAgZ1GmyNhD7AuqnTG3/VQ26o760+ZYBPKjPvugO8+nLbYfX6TVpJPseBvopbdY+qpZ/lKUnmEc1LeZYS3QAA==",
      "license": "Apache-2.0"
    },
    "node_modules/lru.min": {
      "version": "1.1.4",
      "resolved": "https://registry.npmmirror.com/lru.min/-/lru.min-1.1.4.tgz",
      "integrity": "sha512-DqC6n3QQ77zdFpCMASA1a3Jlb64Hv2N2DciFGkO/4L9+q/IpIAuRlKOvCXabtRW6cQf8usbmM6BE/TOPysCdIA==",
      "license": "MIT",
      "engines": {
        "bun": ">=1.0.0",
        "deno": ">=1.30.0",
        "node": ">=8.0.0"
      },
      "funding": {
        "type": "github",
        "url": "https://github.com/sponsors/wellwelwel"
      }
    },
    "node_modules/mysql2": {
      "version": "3.23.0",
      "resolved": "https://registry.npmmirror.com/mysql2/-/mysql2-3.23.0.tgz",
      "integrity": "sha512-ZwyGLoG9BRlL7hKNDcIy7q18hA6WTWGEpLAerGHXj5Xahemia4msZdwjIOUIzesjK3B5z5gWLktf+2tYSLAyTA==",
      "license": "MIT",
      "dependencies": {
        "aws-ssl-profiles": "^1.1.2",
        "denque": "^2.1.0",
        "generate-function": "^2.3.1",
        "iconv-lite": "^0.7.2",
        "long": "^5.3.2",
        "lru.min": "^1.1.4",
        "named-placeholders": "^1.1.6",
        "sql-escaper": "^1.5.1"
      },
      "engines": {
        "node": ">= 8.0"
      },
      "peerDependencies": {
        "@types/node": ">= 8"
      }
    },
    "node_modules/named-placeholders": {
      "version": "1.1.6",
      "resolved": "https://registry.npmmirror.com/named-placeholders/-/named-placeholders-1.1.6.tgz",
      "integrity": "sha512-Tz09sEL2EEuv5fFowm419c1+a/jSMiBjI9gHxVLrVdbUkkNUUfjsVYs9pVZu5oCon/kmRh9TfLEObFtkVxmY0w==",
      "license": "MIT",
      "dependencies": {
        "lru.min": "^1.1.0"
      },
      "engines": {
        "node": ">=8.0.0"
      }
    },
    "node_modules/nanostores": {
      "version": "1.4.0",
      "resolved": "https://registry.npmmirror.com/nanostores/-/nanostores-1.4.0.tgz",
      "integrity": "sha512-i0tloweeudshAEuddpDxcg9Ik6pkPfVsHIgKyf143JrgG7/MOh0+q7BypdLXZPoOP7fOYt1eTcwGkyiVmhJFkA==",
      "funding": [
        {
          "type": "github",
          "url": "https://github.com/sponsors/ai"
        }
      ],
      "license": "MIT",
      "engines": {
        "node": "^20.0.0 || >=22.0.0"
      }
    },
    "node_modules/rou3": {
      "version": "0.7.12",
      "resolved": "https://registry.npmmirror.com/rou3/-/rou3-0.7.12.tgz",
      "integrity": "sha512-iFE4hLDuloSWcD7mjdCDhx2bKcIsYbtOTpfH5MHHLSKMOUyjqQXTeZVa289uuwEGEKFoE/BAPbhaU4B774nceg==",
      "license": "MIT"
    },
    "node_modules/safer-buffer": {
      "version": "2.1.2",
      "resolved": "https://registry.npmmirror.com/safer-buffer/-/safer-buffer-2.1.2.tgz",
      "integrity": "sha512-YZo3K82SD7Riyi0E1EQPojLz7kpepnSQI9IyPbHHg1XXXevb5dJI7tpyN2ADxGcQbHG7vcyRHk0cbwqcQriUtg==",
      "license": "MIT"
    },
    "node_modules/set-cookie-parser": {
      "version": "3.1.2",
      "resolved": "https://registry.npmmirror.com/set-cookie-parser/-/set-cookie-parser-3.1.2.tgz",
      "integrity": "sha512-5/r/lTwbJ3zQ+qwdUFZYeRNqda7P5HD8zQKqlSjdGt1/S0cjLAphHusj4Y58ahDtWn/g32xrIS58/ikOvwl0Lw==",
      "license": "MIT"
    },
    "node_modules/sql-escaper": {
      "version": "1.5.1",
      "resolved": "https://registry.npmmirror.com/sql-escaper/-/sql-escaper-1.5.1.tgz",
      "integrity": "sha512-4toX5E1fQbBrpfXidaHnF0669nkAdETeIPTs2SUjxxD7RRIs9ICG4gtpmfc68JCEKehsdwLFqBu9VlQqZ1P1gg==",
      "license": "MIT",
      "engines": {
        "bun": ">=1.0.0",
        "deno": ">=2.0.0",
        "node": ">=12.0.0"
      },
      "funding": {
        "type": "github",
        "url": "https://github.com/mysqljs/sql-escaper?sponsor=1"
      }
    },
    "node_modules/undici-types": {
      "version": "8.3.0",
      "resolved": "https://registry.npmmirror.com/undici-types/-/undici-types-8.3.0.tgz",
      "integrity": "sha512-j375ScV60dom+YkPFIfTLcOiPxkN/buHz5GobjLhixFuANaNs3C9l4GmrWqejgXWJ7BbJcFYpTEUkS1Ge8bpZQ==",
      "license": "MIT",
      "peer": true
    },
    "node_modules/zod": {
      "version": "4.4.3",
      "resolved": "https://registry.npmmirror.com/zod/-/zod-4.4.3.tgz",
      "integrity": "sha512-ytENFjIJFl2UwYglde2jchW2Hwm4GJFLDiSXWdTrJQBIN9Fcyp7n4DhxJEiWNAJMV1/BqWfW/kkg71UDcHJyTQ==",
      "license": "MIT",
      "funding": {
        "url": "https://github.com/sponsors/colinhacks"
      }
    }
  }
}
